// !$*UTF8*$!
{
	archiveVersion = 1;
	classes = {
	};
	objectVersion = 46;
	objects = {

/* Begin PBXBuildFile section */
		C2545FBF1C98D8A100A21839 /* AxesDrawer.swift in Sources */ = {isa = PBXBuildFile; fileRef = C2545FBE1C98D8A100A21839 /* AxesDrawer.swift */; };
		C2545FC11C98F49C00A21839 /* GraphViewController.swift in Sources */ = {isa = PBXBuildFile; fileRef = C2545FC01C98F49C00A21839 /* GraphViewController.swift */; };
		C2545FC31C98F9B100A21839 /* GraphView.swift in Sources */ = {isa = PBXBuildFile; fileRef = C2545FC21C98F9B100A21839 /* GraphView.swift */; };
		C25BCD0D1C6A390200FE5D55 /* AppDelegate.swift in Sources */ = {isa = PBXBuildFile; fileRef = C25BCD0C1C6A390200FE5D55 /* AppDelegate.swift */; };
		C25BCD0F1C6A390200FE5D55 /* CalculatorViewController.swift in Sources */ = {isa = PBXBuildFile; fileRef = C25BCD0E1C6A390200FE5D55 /* CalculatorViewController.swift */; };
		C25BCD121C6A390200FE5D55 /* Main.storyboard in Resources */ = {isa = PBXBuildFile; fileRef = C25BCD101C6A390200FE5D55 /* Main.storyboard */; };
		C25BCD141C6A390200FE5D55 /* Assets.xcassets in Resources */ = {isa = PBXBuildFile; fileRef = C25BCD131C6A390200FE5D55 /* Assets.xcassets */; };
		C25BCD171C6A390200FE5D55 /* LaunchScreen.storyboard in Resources */ = {isa = PBXBuildFile; fileRef = C25BCD151C6A390200FE5D55 /* LaunchScreen.storyboard */; };
		C2E817751C72DB26003C83DF /* CalculatorBrain.swift in Sources */ = {isa = PBXBuildFile; fileRef = C2E817741C72DB26003C83DF /* CalculatorBrain.swift */; };
/* End PBXBuildFile section */

/* Begin PBXFileReference section */
		C2545FBE1C98D8A100A21839 /* AxesDrawer.swift */ = {isa = PBXFileReference; fileEncoding = 4; lastKnownFileType = sourcecode.swift; path = AxesDrawer.swift; sourceTree = "<group>"; };
		C2545FC01C98F49C00A21839 /* GraphViewController.swift */ = {isa = PBXFileReference; fileEncoding = 4; lastKnownFileType = sourcecode.swift; path = GraphViewController.swift; sourceTree = "<group>"; };
		C2545FC21C98F9B100A21839 /* GraphView.swift */ = {isa = PBXFileReference; fileEncoding = 4; lastKnownFileType = sourcecode.swift; path = GraphView.swift; sourceTree = "<group>"; };
		C25BCD091C6A390200FE5D55 /* Calculator.app */ = {isa = PBXFileReference; explicitFileType = wrapper.application; includeInIndex = 0; path = Calculator.app; sourceTree = BUILT_PRODUCTS_DIR; };
		C25BCD0C1C6A390200FE5D55 /* AppDelegate.swift */ = {isa = PBXFileReference; lastKnownFileType = sourcecode.swift; path = AppDelegate.swift; sourceTree = "<group>"; };
		C25BCD0E1C6A390200FE5D55 /* CalculatorViewController.swift */ = {isa = PBXFileReference; lastKnownFileType = sourcecode.swift; path = CalculatorViewController.swift; sourceTree = "<group>"; };
		C25BCD111C6A390200FE5D55 /* Base */ = {isa = PBXFileReference; lastKnownFileType = file.storyboard; name = Base; path = Base.lproj/Main.storyboard; sourceTree = "<group>"; };
		C25BCD131C6A390200FE5D55 /* Assets.xcassets */ = {isa = PBXFileReference; lastKnownFileType = folder.assetcatalog; path = Assets.xcassets; sourceTree = "<group>"; };
		C25BCD161C6A390200FE5D55 /* Base */ = {isa = PBXFileReference; lastKnownFileType = file.storyboard; name = Base; path = Base.lproj/LaunchScreen.storyboard; sourceTree = "<group>"; };
		C25BCD181C6A390200FE5D55 /* Info.plist */ = {isa = PBXFileReference; lastKnownFileType = text.plist.xml; path = Info.plist; sourceTree = "<group>"; };
		C2E817741C72DB26003C83DF /* CalculatorBrain.swift */ = {isa = PBXFileReference; fileEncoding = 4; lastKnownFileType = sourcecode.swift; path = CalculatorBrain.swift; sourceTree = "<group>"; };
/* End PBXFileReference section */

/* Begin PBXFrameworksBuildPhase section */
		C25BCD061C6A390200FE5D55 /* Frameworks */ = {
			isa = PBXFrameworksBuildPhase;
			buildActionMask = 2147483647;
			files = (
			);
			runOnlyForDeploymentPostprocessing = 0;
		};
/* End PBXFrameworksBuildPhase section */

/* Begin PBXGroup section */
		C25BCD001C6A390200FE5D55 = {
			isa = PBXGroup;
			children = (
				C2E817741C72DB26003C83DF /* CalculatorBrain.swift */,
				C25BCD0B1C6A390200FE5D55 /* Calculator */,
				C25BCD0A1C6A390200FE5D55 /* Products */,
			);
			sourceTree = "<group>";
		};
		C25BCD0A1C6A390200FE5D55 /* Products */ = {
			isa = PBXGroup;
			children = (
				C25BCD091C6A390200FE5D55 /* Calculator.app */,
			);
			name = Products;
			sourceTree = "<group>";
		};
		C25BCD0B1C6A390200FE5D55 /* Calculator */ = {
			isa = PBXGroup;
			children = (
				C2545FBE1C98D8A100A21839 /* AxesDrawer.swift */,
				C25BCD0C1C6A390200FE5D55 /* AppDelegate.swift */,
				C25BCD0E1C6A390200FE5D55 /* CalculatorViewController.swift */,
				C2545FC01C98F49C00A21839 /* GraphViewController.swift */,
				C25BCD101C6A390200FE5D55 /* Main.storyboard */,
				C2545FC21C98F9B100A21839 /* GraphView.swift */,
				C25BCD131C6A390200FE5D55 /* Assets.xcassets */,
				C25BCD151C6A390200FE5D55 /* LaunchScreen.storyboard */,
				C25BCD181C6A390200FE5D55 /* Info.plist */,
			);
			path = Calculator;
			sourceTree = "<group>";
		};
/* End PBXGroup section */

/* Begin PBXNativeTarget section */
		C25BCD081C6A390200FE5D55 /* Calculator */ = {
			isa = PBXNativeTarget;
			buildConfigurationList = C25BCD1B1C6A390200FE5D55 /* Build configuration list for PBXNativeTarget "Calculator" */;
			buildPhases = (
				C25BCD051C6A390200FE5D55 /* Sources */,
				C25BCD061C6A390200FE5D55 /* Frameworks */,
				C25BCD071C6A390200FE5D55 /* Resources */,
			);
			buildRules = (
			);
			dependencies = (
			);
			name = Calculator;
			productName = Calculator;
			productReference = C25BCD091C6A390200FE5D55 /* Calculator.app */;
			productType = "com.apple.product-type.application";
		};
/* End PBXNativeTarget section */

/* Begin PBXProject section */
		C25BCD011C6A390200FE5D55 /* Project object */ = {
			isa = PBXProject;
			attributes = {
				LastSwiftUpdateCheck = 0710;
				LastUpgradeCheck = 0710;
				ORGANIZATIONNAME = "Luther College";
				TargetAttributes = {
					C25BCD081C6A390200FE5D55 = {
						CreatedOnToolsVersion = 7.1.1;
					};
				};
			};
			buildConfigurationList = C25BCD041C6A390200FE5D55 /* Build configuration list for PBXProject "Calculator" */;
			compatibilityVersion = "Xcode 3.2";
			developmentRegion = English;
			hasScannedForEncodings = 0;
			knownRegions = (
				en,
				Base,
			);
			mainGroup = C25BCD001C6A390200FE5D55;
			productRefGroup = C25BCD0A1C6A390200FE5D55 /* Products */;
			projectDirPath = "";
			projectRoot = "";
			targets = (
				C25BCD081C6A390200FE5D55 /* Calculator */,
			);
		};
/* End PBXProject section */

/* Begin PBXResourcesBuildPhase section */
		C25BCD071C6A390200FE5D55 /* Resources */ = {
			isa = PBXResourcesBuildPhase;
			buildActionMask = 2147483647;
			files = (
				C25BCD171C6A390200FE5D55 /* LaunchScreen.storyboard in Resources */,
				C25BCD141C6A390200FE5D55 /* Assets.xcassets in Resources */,
				C25BCD121C6A390200FE5D55 /* Main.storyboard in Resources */,
			);
			runOnlyForDeploymentPostprocessing = 0;
		};
/* End PBXResourcesBuildPhase section */

/* Begin PBXSourcesBuildPhase section */
		C25BCD051C6A390200FE5D55 /* Sources */ = {
			isa = PBXSourcesBuildPhase;
			buildActionMask = 2147483647;
			files = (
				C2E817751C72DB26003C83DF /* CalculatorBrain.swift in Sources */,
				C2545FC11C98F49C00A21839 /* GraphViewController.swift in Sources */,
				C2545FBF1C98D8A100A21839 /* AxesDrawer.swift in Sources */,
				C25BCD0F1C6A390200FE5D55 /* CalculatorViewController.swift in Sources */,
				C25BCD0D1C6A390200FE5D55 /* AppDelegate.swift in Sources */,
				C2545FC31C98F9B100A21839 /* GraphView.swift in Sources */,
			);
			runOnlyForDeploymentPostprocessing = 0;
		};
/* End PBXSourcesBuildPhase section */

/* Begin PBXVariantGroup section */
		C25BCD101C6A390200FE5D55 /* Main.storyboard */ = {
			isa = PBXVariantGroup;
			children = (
				C25BCD111C6A390200FE5D55 /* Base */,
			);
			name = Main.storyboard;
			sourceTree = "<group>";
		};
		C25BCD151C6A390200FE5D55 /* LaunchScreen.storyboard */ = {
			isa = PBXVariantGroup;
			children = (
				C25BCD161C6A390200FE5D55 /* Base */,
			);
			name = LaunchScreen.storyboard;
			sourceTree = "<group>";
		};
/* End PBXVariantGroup section */

/* Begin XCBuildConfiguration section */
		C25BCD191C6A390200FE5D55 /* Debug */ = {
			isa = XCBuildConfiguration;
			buildSettings = {
				ALWAYS_SEARCH_USER_PATHS = NO;
				CLANG_CXX_LANGUAGE_STANDARD = "gnu++0x";
				CLANG_CXX_LIBRARY = "libc++";
				CLANG_ENABLE_MODULES = YES;
				CLANG_ENABLE_OBJC_ARC = YES;
				CLANG_WARN_BOOL_CONVERSION = YES;
				CLANG_WARN_CONSTANT_CONVERSION = YES;
				CLANG_WARN_DIRECT_OBJC_ISA_USAGE = YES_ERROR;
				CLANG_WARN_EMPTY_BODY = YES;
				CLANG_WARN_ENUM_CONVERSION = YES;
				CLANG_WARN_INT_CONVERSION = YES;
				CLANG_WARN_OBJC_ROOT_CLASS = YES_ERROR;
				CLANG_WARN_UNREACHABLE_CODE = YES;
				CLANG_WARN__DUPLICATE_METHOD_MATCH = YES;
				"CODE_SIGN_IDENTITY[sdk=iphoneos*]" = "iPhone Developer";
				COPY_PHASE_STRIP = NO;
				DEBUG_INFORMATION_FORMAT = dwarf;
				ENABLE_STRICT_OBJC_MSGSEND = YES;
				ENABLE_TESTABILITY = YES;
				GCC_C_LANGUAGE_STANDARD = gnu99;
				GCC_DYNAMIC_NO_PIC = NO;
				GCC_NO_COMMON_BLOCKS = YES;
				GCC_OPTIMIZATION_LEVEL = 0;
				GCC_PREPROCESSOR_DEFINITIONS = (
					"DEBUG=1",
					"$(inherited)",
				);
				GCC_WARN_64_TO_32_BIT_CONVERSION = YES;
				GCC_WARN_ABOUT_RETURN_TYPE = YES_ERROR;
				GCC_WARN_UNDECLARED_SELECTOR = YES;
				GCC_WARN_UNINITIALIZED_AUTOS = YES_AGGRESSIVE;
				GCC_WARN_UNUSED_FUNCTION = YES;
				GCC_WARN_UNUSED_VARIABLE = YES;
				IPHONEOS_DEPLOYMENT_TARGET = 9.1;
				MTL_ENABLE_DEBUG_INFO = YES;
				ONLY_ACTIVE_ARCH = YES;
				SDKROOT = iphoneos;
				SWIFT_OPTIMIZATION_LEVEL = "-Onone";
				TARGETED_DEVICE_FAMILY = "1,2";
			};
			name = Debug;
		};
		C25BCD1A1C6A390200FE5D55 /* Release */ = {
			isa = XCBuildConfiguration;
			buildSettings = {
				ALWAYS_SEARCH_USER_PATHS = NO;
				CLANG_CXX_LANGUAGE_STANDARD = "gnu++0x";
				CLANG_CXX_LIBRARY = "libc++";
				CLANG_ENABLE_MODULES = YES;
				CLANG_ENABLE_OBJC_ARC = YES;
				CLANG_WARN_BOOL_CONVERSION = YES;
				CLANG_WARN_CONSTANT_CONVERSION = YES;
				CLANG_WARN_DIRECT_OBJC_ISA_USAGE = YES_ERROR;
				CLANG_WARN_EMPTY_BODY = YES;
				CLANG_WARN_ENUM_CONVERSION = YES;
				CLANG_WARN_INT_CONVERSION = YES;
				CLANG_WARN_OBJC_ROOT_CLASS = YES_ERROR;
				CLANG_WARN_UNREACHABLE_CODE = YES;
				CLANG_WARN__DUPLICATE_METHOD_MATCH = YES;
				"CODE_SIGN_IDENTITY[sdk=iphoneos*]" = "iPhone Developer";
				COPY_PHASE_STRIP = NO;
				DEBUG_INFORMATION_FORMAT = "dwarf-with-dsym";
				ENABLE_NS_ASSERTIONS = NO;
				ENABLE_STRICT_OBJC_MSGSEND = YES;
				GCC_C_LANGUAGE_STANDARD = gnu99;
				GCC_NO_COMMON_BLOCKS = YES;
				GCC_WARN_64_TO_32_BIT_CONVERSION = YES;
				GCC_WARN_ABOUT_RETURN_TYPE = YES_ERROR;
				GCC_WARN_UNDECLARED_SELECTOR = YES;
				GCC_WARN_UNINITIALIZED_AUTOS = YES_AGGRESSIVE;
				GCC_WARN_UNUSED_FUNCTION = YES;
				GCC_WARN_UNUSED_VARIABLE = YES;
				IPHONEOS_DEPLOYMENT_TARGET = 9.1;
				MTL_ENABLE_DEBUG_INFO = NO;
				SDKROOT = iphoneos;
				TARGETED_DEVICE_FAMILY = "1,2";
				VALIDATE_PRODUCT = YES;
			};
			name = Release;
		};
		C25BCD1C1C6A390200FE5D55 /* Debug */ = {
			isa = XCBuildConfiguration;
			buildSettings = {
				ASSETCATALOG_COMPILER_APPICON_NAME = AppIcon;
				INFOPLIST_FILE = Calculator/Info.plist;
				LD_RUNPATH_SEARCH_PATHS = "$(inherited) @executable_path/Frameworks";
				PRODUCT_BUNDLE_IDENTIFIER = raidi01.edu.luther.cs353.Calculator;
				PRODUCT_NAME = "$(TARGET_NAME)";
			};
			name = Debug;
		};
		C25BCD1D1C6A390200FE5D55 /* Release */ = {
			isa = XCBuildConfiguration;
			buildSettings = {
				ASSETCATALOG_COMPILER_APPICON_NAME = AppIcon;
				INFOPLIST_FILE = Calculator/Info.plist;
				LD_RUNPATH_SEARCH_PATHS = "$(inherited) @executable_path/Frameworks";
				PRODUCT_BUNDLE_IDENTIFIER = raidi01.edu.luther.cs353.Calculator;
				PRODUCT_NAME = "$(TARGET_NAME)";
			};
			name = Release;
		};
/* End XCBuildConfiguration section */

/* Begin XCConfigurationList section */
		C25BCD041C6A390200FE5D55 /* Build configuration list for PBXProject "Calculator" */ = {
			isa = XCConfigurationList;
			buildConfigurations = (
				C25BCD191C6A390200FE5D55 /* Debug */,
				C25BCD1A1C6A390200FE5D55 /* Release */,
			);
			defaultConfigurationIsVisible = 0;
			defaultConfigurationName = Release;
		};
		C25BCD1B1C6A390200FE5D55 /* Build configuration list for PBXNativeTarget "Calculator" */ = {
			isa = XCConfigurationList;
			buildConfigurations = (
				C25BCD1C1C6A390200FE5D55 /* Debug */,
				C25BCD1D1C6A390200FE5D55 /* Release */,
			);
			defaultConfigurationIsVisible = 0;
			defaultConfigurationName = Release;
		};
/* End XCConfigurationList section */
	};
	rootObject = C25BCD011C6A390200FE5D55 /* Project object */;
}
