// !$*UTF8*$!
{
	archiveVersion = 1;
	classes = {
	};
	objectVersion = 46;
	objects = {

/* Begin PBXBuildFile section */
		C2F8B56F1CC9214B001A378A /* AppDelegate.swift in Sources */ = {isa = PBXBuildFile; fileRef = C2F8B56E1CC9214B001A378A /* AppDelegate.swift */; };
		C2F8B5711CC9214B001A378A /* ViewController.swift in Sources */ = {isa = PBXBuildFile; fileRef = C2F8B5701CC9214B001A378A /* ViewController.swift */; };
		C2F8B5741CC9214B001A378A /* Main.storyboard in Resources */ = {isa = PBXBuildFile; fileRef = C2F8B5721CC9214B001A378A /* Main.storyboard */; };
		C2F8B5761CC9214B001A378A /* Assets.xcassets in Resources */ = {isa = PBXBuildFile; fileRef = C2F8B5751CC9214B001A378A /* Assets.xcassets */; };
		C2F8B5791CC9214B001A378A /* LaunchScreen.storyboard in Resources */ = {isa = PBXBuildFile; fileRef = C2F8B5771CC9214B001A378A /* LaunchScreen.storyboard */; };
		C2F8B5811CC92612001A378A /* BouncerBehavior.swift in Sources */ = {isa = PBXBuildFile; fileRef = C2F8B5801CC92612001A378A /* BouncerBehavior.swift */; };
/* End PBXBuildFile section */

/* Begin PBXFileReference section */
		C2F8B56B1CC9214B001A378A /* Bouncer.app */ = {isa = PBXFileReference; explicitFileType = wrapper.application; includeInIndex = 0; path = Bouncer.app; sourceTree = BUILT_PRODUCTS_DIR; };
		C2F8B56E1CC9214B001A378A /* AppDelegate.swift */ = {isa = PBXFileReference; lastKnownFileType = sourcecode.swift; path = AppDelegate.swift; sourceTree = "<group>"; };
		C2F8B5701CC9214B001A378A /* ViewController.swift */ = {isa = PBXFileReference; lastKnownFileType = sourcecode.swift; path = ViewController.swift; sourceTree = "<group>"; };
		C2F8B5731CC9214B001A378A /* Base */ = {isa = PBXFileReference; lastKnownFileType = file.storyboard; name = Base; path = Base.lproj/Main.storyboard; sourceTree = "<group>"; };
		C2F8B5751CC9214B001A378A /* Assets.xcassets */ = {isa = PBXFileReference; lastKnownFileType = folder.assetcatalog; path = Assets.xcassets; sourceTree = "<group>"; };
		C2F8B5781CC9214B001A378A /* Base */ = {isa = PBXFileReference; lastKnownFileType = file.storyboard; name = Base; path = Base.lproj/LaunchScreen.storyboard; sourceTree = "<group>"; };
		C2F8B57A1CC9214B001A378A /* Info.plist */ = {isa = PBXFileReference; lastKnownFileType = text.plist.xml; path = Info.plist; sourceTree = "<group>"; };
		C2F8B5801CC92612001A378A /* BouncerBehavior.swift */ = {isa = PBXFileReference; fileEncoding = 4; lastKnownFileType = sourcecode.swift; path = BouncerBehavior.swift; sourceTree = SOURCE_ROOT; };
/* End PBXFileReference section */

/* Begin PBXFrameworksBuildPhase section */
		C2F8B5681CC9214B001A378A /* Frameworks */ = {
			isa = PBXFrameworksBuildPhase;
			buildActionMask = 2147483647;
			files = (
			);
			runOnlyForDeploymentPostprocessing = 0;
		};
/* End PBXFrameworksBuildPhase section */

/* Begin PBXGroup section */
		C2F8B5621CC9214B001A378A = {
			isa = PBXGroup;
			children = (
				C2F8B56D1CC9214B001A378A /* Bouncer */,
				C2F8B56C1CC9214B001A378A /* Products */,
			);
			sourceTree = "<group>";
		};
		C2F8B56C1CC9214B001A378A /* Products */ = {
			isa = PBXGroup;
			children = (
				C2F8B56B1CC9214B001A378A /* Bouncer.app */,
			);
			name = Products;
			sourceTree = "<group>";
		};
		C2F8B56D1CC9214B001A378A /* Bouncer */ = {
			isa = PBXGroup;
			children = (
				C2F8B5801CC92612001A378A /* BouncerBehavior.swift */,
				C2F8B56E1CC9214B001A378A /* AppDelegate.swift */,
				C2F8B5701CC9214B001A378A /* ViewController.swift */,
				C2F8B5721CC9214B001A378A /* Main.storyboard */,
				C2F8B5751CC9214B001A378A /* Assets.xcassets */,
				C2F8B5771CC9214B001A378A /* LaunchScreen.storyboard */,
				C2F8B57A1CC9214B001A378A /* Info.plist */,
			);
			path = Bouncer;
			sourceTree = "<group>";
		};
/* End PBXGroup section */

/* Begin PBXNativeTarget section */
		C2F8B56A1CC9214B001A378A /* Bouncer */ = {
			isa = PBXNativeTarget;
			buildConfigurationList = C2F8B57D1CC9214B001A378A /* Build configuration list for PBXNativeTarget "Bouncer" */;
			buildPhases = (
				C2F8B5671CC9214B001A378A /* Sources */,
				C2F8B5681CC9214B001A378A /* Frameworks */,
				C2F8B5691CC9214B001A378A /* Resources */,
			);
			buildRules = (
			);
			dependencies = (
			);
			name = Bouncer;
			productName = Bouncer;
			productReference = C2F8B56B1CC9214B001A378A /* Bouncer.app */;
			productType = "com.apple.product-type.application";
		};
/* End PBXNativeTarget section */

/* Begin PBXProject section */
		C2F8B5631CC9214B001A378A /* Project object */ = {
			isa = PBXProject;
			attributes = {
				LastSwiftUpdateCheck = 0710;
				LastUpgradeCheck = 0710;
				ORGANIZATIONNAME = "Luther College";
				TargetAttributes = {
					C2F8B56A1CC9214B001A378A = {
						CreatedOnToolsVersion = 7.1.1;
					};
				};
			};
			buildConfigurationList = C2F8B5661CC9214B001A378A /* Build configuration list for PBXProject "Bouncer" */;
			compatibilityVersion = "Xcode 3.2";
			developmentRegion = English;
			hasScannedForEncodings = 0;
			knownRegions = (
				en,
				Base,
			);
			mainGroup = C2F8B5621CC9214B001A378A;
			productRefGroup = C2F8B56C1CC9214B001A378A /* Products */;
			projectDirPath = "";
			projectRoot = "";
			targets = (
				C2F8B56A1CC9214B001A378A /* Bouncer */,
			);
		};
/* End PBXProject section */

/* Begin PBXResourcesBuildPhase section */
		C2F8B5691CC9214B001A378A /* Resources */ = {
			isa = PBXResourcesBuildPhase;
			buildActionMask = 2147483647;
			files = (
				C2F8B5791CC9214B001A378A /* LaunchScreen.storyboard in Resources */,
				C2F8B5761CC9214B001A378A /* Assets.xcassets in Resources */,
				C2F8B5741CC9214B001A378A /* Main.storyboard in Resources */,
			);
			runOnlyForDeploymentPostprocessing = 0;
		};
/* End PBXResourcesBuildPhase section */

/* Begin PBXSourcesBuildPhase section */
		C2F8B5671CC9214B001A378A /* Sources */ = {
			isa = PBXSourcesBuildPhase;
			buildActionMask = 2147483647;
			files = (
				C2F8B5711CC9214B001A378A /* ViewController.swift in Sources */,
				C2F8B56F1CC9214B001A378A /* AppDelegate.swift in Sources */,
				C2F8B5811CC92612001A378A /* BouncerBehavior.swift in Sources */,
			);
			runOnlyForDeploymentPostprocessing = 0;
		};
/* End PBXSourcesBuildPhase section */

/* Begin PBXVariantGroup section */
		C2F8B5721CC9214B001A378A /* Main.storyboard */ = {
			isa = PBXVariantGroup;
			children = (
				C2F8B5731CC9214B001A378A /* Base */,
			);
			name = Main.storyboard;
			sourceTree = "<group>";
		};
		C2F8B5771CC9214B001A378A /* LaunchScreen.storyboard */ = {
			isa = PBXVariantGroup;
			children = (
				C2F8B5781CC9214B001A378A /* Base */,
			);
			name = LaunchScreen.storyboard;
			sourceTree = "<group>";
		};
/* End PBXVariantGroup section */

/* Begin XCBuildConfiguration section */
		C2F8B57B1CC9214B001A378A /* Debug */ = {
			isa = XCBuildConfiguration;
			buildSettings = {
				ALWAYS_SEARCH_USER_PATHS = NO;
				CLANG_CXX_LANGUAGE_STANDARD = "gnu++0x";
				CLANG_CXX_LIBRARY = "libc++";
				CLANG_ENABLE_MODULES = YES;
				CLANG_ENABLE_OBJC_ARC = YES;
				CLANG_WARN_BOOL_CONVERSION = YES;
				CLANG_WARN_CONSTANT_CONVERSION = YES;
				CLANG_WARN_DIRECT_OBJC_ISA_USAGE = YES_ERROR;
				CLANG_WARN_EMPTY_BODY = YES;
				CLANG_WARN_ENUM_CONVERSION = YES;
				CLANG_WARN_INT_CONVERSION = YES;
				CLANG_WARN_OBJC_ROOT_CLASS = YES_ERROR;
				CLANG_WARN_UNREACHABLE_CODE = YES;
				CLANG_WARN__DUPLICATE_METHOD_MATCH = YES;
				"CODE_SIGN_IDENTITY[sdk=iphoneos*]" = "iPhone Developer";
				COPY_PHASE_STRIP = NO;
				DEBUG_INFORMATION_FORMAT = dwarf;
				ENABLE_STRICT_OBJC_MSGSEND = YES;
				ENABLE_TESTABILITY = YES;
				GCC_C_LANGUAGE_STANDARD = gnu99;
				GCC_DYNAMIC_NO_PIC = NO;
				GCC_NO_COMMON_BLOCKS = YES;
				GCC_OPTIMIZATION_LEVEL = 0;
				GCC_PREPROCESSOR_DEFINITIONS = (
					"DEBUG=1",
					"$(inherited)",
				);
				GCC_WARN_64_TO_32_BIT_CONVERSION = YES;
				GCC_WARN_ABOUT_RETURN_TYPE = YES_ERROR;
				GCC_WARN_UNDECLARED_SELECTOR = YES;
				GCC_WARN_UNINITIALIZED_AUTOS = YES_AGGRESSIVE;
				GCC_WARN_UNUSED_FUNCTION = YES;
				GCC_WARN_UNUSED_VARIABLE = YES;
				IPHONEOS_DEPLOYMENT_TARGET = 9.1;
				MTL_ENABLE_DEBUG_INFO = YES;
				ONLY_ACTIVE_ARCH = YES;
				SDKROOT = iphoneos;
				SWIFT_OPTIMIZATION_LEVEL = "-Onone";
				TARGETED_DEVICE_FAMILY = "1,2";
			};
			name = Debug;
		};
		C2F8B57C1CC9214B001A378A /* Release */ = {
			isa = XCBuildConfiguration;
			buildSettings = {
				ALWAYS_SEARCH_USER_PATHS = NO;
				CLANG_CXX_LANGUAGE_STANDARD = "gnu++0x";
				CLANG_CXX_LIBRARY = "libc++";
				CLANG_ENABLE_MODULES = YES;
				CLANG_ENABLE_OBJC_ARC = YES;
				CLANG_WARN_BOOL_CONVERSION = YES;
				CLANG_WARN_CONSTANT_CONVERSION = YES;
				CLANG_WARN_DIRECT_OBJC_ISA_USAGE = YES_ERROR;
				CLANG_WARN_EMPTY_BODY = YES;
				CLANG_WARN_ENUM_CONVERSION = YES;
				CLANG_WARN_INT_CONVERSION = YES;
				CLANG_WARN_OBJC_ROOT_CLASS = YES_ERROR;
				CLANG_WARN_UNREACHABLE_CODE = YES;
				CLANG_WARN__DUPLICATE_METHOD_MATCH = YES;
				"CODE_SIGN_IDENTITY[sdk=iphoneos*]" = "iPhone Developer";
				COPY_PHASE_STRIP = NO;
				DEBUG_INFORMATION_FORMAT = "dwarf-with-dsym";
				ENABLE_NS_ASSERTIONS = NO;
				ENABLE_STRICT_OBJC_MSGSEND = YES;
				GCC_C_LANGUAGE_STANDARD = gnu99;
				GCC_NO_COMMON_BLOCKS = YES;
				GCC_WARN_64_TO_32_BIT_CONVERSION = YES;
				GCC_WARN_ABOUT_RETURN_TYPE = YES_ERROR;
				GCC_WARN_UNDECLARED_SELECTOR = YES;
				GCC_WARN_UNINITIALIZED_AUTOS = YES_AGGRESSIVE;
				GCC_WARN_UNUSED_FUNCTION = YES;
				GCC_WARN_UNUSED_VARIABLE = YES;
				IPHONEOS_DEPLOYMENT_TARGET = 9.1;
				MTL_ENABLE_DEBUG_INFO = NO;
				SDKROOT = iphoneos;
				TARGETED_DEVICE_FAMILY = "1,2";
				VALIDATE_PRODUCT = YES;
			};
			name = Release;
		};
		C2F8B57E1CC9214B001A378A /* Debug */ = {
			isa = XCBuildConfiguration;
			buildSettings = {
				ASSETCATALOG_COMPILER_APPICON_NAME = AppIcon;
				INFOPLIST_FILE = Bouncer/Info.plist;
				LD_RUNPATH_SEARCH_PATHS = "$(inherited) @executable_path/Frameworks";
				PRODUCT_BUNDLE_IDENTIFIER = raidi01.edu.luther.cs353.Bouncer;
				PRODUCT_NAME = "$(TARGET_NAME)";
			};
			name = Debug;
		};
		C2F8B57F1CC9214B001A378A /* Release */ = {
			isa = XCBuildConfiguration;
			buildSettings = {
				ASSETCATALOG_COMPILER_APPICON_NAME = AppIcon;
				INFOPLIST_FILE = Bouncer/Info.plist;
				LD_RUNPATH_SEARCH_PATHS = "$(inherited) @executable_path/Frameworks";
				PRODUCT_BUNDLE_IDENTIFIER = raidi01.edu.luther.cs353.Bouncer;
				PRODUCT_NAME = "$(TARGET_NAME)";
			};
			name = Release;
		};
/* End XCBuildConfiguration section */

/* Begin XCConfigurationList section */
		C2F8B5661CC9214B001A378A /* Build configuration list for PBXProject "Bouncer" */ = {
			isa = XCConfigurationList;
			buildConfigurations = (
				C2F8B57B1CC9214B001A378A /* Debug */,
				C2F8B57C1CC9214B001A378A /* Release */,
			);
			defaultConfigurationIsVisible = 0;
			defaultConfigurationName = Release;
		};
		C2F8B57D1CC9214B001A378A /* Build configuration list for PBXNativeTarget "Bouncer" */ = {
			isa = XCConfigurationList;
			buildConfigurations = (
				C2F8B57E1CC9214B001A378A /* Debug */,
				C2F8B57F1CC9214B001A378A /* Release */,
			);
			defaultConfigurationIsVisible = 0;
		};
/* End XCConfigurationList section */
	};
	rootObject = C2F8B5631CC9214B001A378A /* Project object */;
}
