// !$*UTF8*$!
{
	archiveVersion = 1;
	classes = {
	};
	objectVersion = 46;
	objects = {

/* Begin PBXBuildFile section */
		C226E23A1CD249A900DFC472 /* RecentSearches.swift in Sources */ = {isa = PBXBuildFile; fileRef = C226E2391CD249A900DFC472 /* RecentSearches.swift */; };
		C23427E11CB5E880000806A5 /* TweetTableViewCell.swift in Sources */ = {isa = PBXBuildFile; fileRef = C23427E01CB5E880000806A5 /* TweetTableViewCell.swift */; };
		C23C56CE1CCFAD90002DE7D6 /* MentionsTableViewCell.swift in Sources */ = {isa = PBXBuildFile; fileRef = C23C56CD1CCFAD90002DE7D6 /* MentionsTableViewCell.swift */; };
		C2936B931CCECA4500FE7360 /* MentionsTableViewController.swift in Sources */ = {isa = PBXBuildFile; fileRef = C2936B921CCECA4500FE7360 /* MentionsTableViewController.swift */; };
		C2C7DC351CD1608800DFB452 /* ImageViewController.swift in Sources */ = {isa = PBXBuildFile; fileRef = C2C7DC341CD1608800DFB452 /* ImageViewController.swift */; };
		C2C7DC371CD1896100DFB452 /* RecentSearchesTableViewController.swift in Sources */ = {isa = PBXBuildFile; fileRef = C2C7DC361CD1896100DFB452 /* RecentSearchesTableViewController.swift */; };
		C2D39DD71CB5BC390016E449 /* AppDelegate.swift in Sources */ = {isa = PBXBuildFile; fileRef = C2D39DD61CB5BC390016E449 /* AppDelegate.swift */; };
		C2D39DDC1CB5BC390016E449 /* Main.storyboard in Resources */ = {isa = PBXBuildFile; fileRef = C2D39DDA1CB5BC390016E449 /* Main.storyboard */; };
		C2D39DDE1CB5BC390016E449 /* Assets.xcassets in Resources */ = {isa = PBXBuildFile; fileRef = C2D39DDD1CB5BC390016E449 /* Assets.xcassets */; };
		C2D39DE11CB5BC390016E449 /* LaunchScreen.storyboard in Resources */ = {isa = PBXBuildFile; fileRef = C2D39DDF1CB5BC390016E449 /* LaunchScreen.storyboard */; };
		C2D39DE91CB5C5460016E449 /* TweetTableViewController.swift in Sources */ = {isa = PBXBuildFile; fileRef = C2D39DE81CB5C5460016E449 /* TweetTableViewController.swift */; };
		C2D39DF81CB5CE650016E449 /* MediaItem.swift in Sources */ = {isa = PBXBuildFile; fileRef = C2D39DF41CB5CE650016E449 /* MediaItem.swift */; };
		C2D39DF91CB5CE650016E449 /* Tweet.swift in Sources */ = {isa = PBXBuildFile; fileRef = C2D39DF51CB5CE650016E449 /* Tweet.swift */; };
		C2D39DFA1CB5CE650016E449 /* TwitterRequest.swift in Sources */ = {isa = PBXBuildFile; fileRef = C2D39DF61CB5CE650016E449 /* TwitterRequest.swift */; };
		C2D39DFB1CB5CE650016E449 /* User.swift in Sources */ = {isa = PBXBuildFile; fileRef = C2D39DF71CB5CE650016E449 /* User.swift */; };
/* End PBXBuildFile section */

/* Begin PBXFileReference section */
		C226E2391CD249A900DFC472 /* RecentSearches.swift */ = {isa = PBXFileReference; fileEncoding = 4; lastKnownFileType = sourcecode.swift; path = RecentSearches.swift; sourceTree = "<group>"; };
		C23427E01CB5E880000806A5 /* TweetTableViewCell.swift */ = {isa = PBXFileReference; fileEncoding = 4; lastKnownFileType = sourcecode.swift; path = TweetTableViewCell.swift; sourceTree = "<group>"; };
		C23C56CD1CCFAD90002DE7D6 /* MentionsTableViewCell.swift */ = {isa = PBXFileReference; fileEncoding = 4; lastKnownFileType = sourcecode.swift; path = MentionsTableViewCell.swift; sourceTree = "<group>"; };
		C2936B921CCECA4500FE7360 /* MentionsTableViewController.swift */ = {isa = PBXFileReference; fileEncoding = 4; lastKnownFileType = sourcecode.swift; path = MentionsTableViewController.swift; sourceTree = "<group>"; };
		C2C7DC341CD1608800DFB452 /* ImageViewController.swift */ = {isa = PBXFileReference; fileEncoding = 4; lastKnownFileType = sourcecode.swift; path = ImageViewController.swift; sourceTree = "<group>"; };
		C2C7DC361CD1896100DFB452 /* RecentSearchesTableViewController.swift */ = {isa = PBXFileReference; fileEncoding = 4; lastKnownFileType = sourcecode.swift; path = RecentSearchesTableViewController.swift; sourceTree = "<group>"; };
		C2D39DD31CB5BC390016E449 /* SighsTag.app */ = {isa = PBXFileReference; explicitFileType = wrapper.application; includeInIndex = 0; path = SighsTag.app; sourceTree = BUILT_PRODUCTS_DIR; };
		C2D39DD61CB5BC390016E449 /* AppDelegate.swift */ = {isa = PBXFileReference; lastKnownFileType = sourcecode.swift; path = AppDelegate.swift; sourceTree = "<group>"; };
		C2D39DDB1CB5BC390016E449 /* Base */ = {isa = PBXFileReference; lastKnownFileType = file.storyboard; name = Base; path = Base.lproj/Main.storyboard; sourceTree = "<group>"; };
		C2D39DDD1CB5BC390016E449 /* Assets.xcassets */ = {isa = PBXFileReference; lastKnownFileType = folder.assetcatalog; path = Assets.xcassets; sourceTree = "<group>"; };
		C2D39DE01CB5BC390016E449 /* Base */ = {isa = PBXFileReference; lastKnownFileType = file.storyboard; name = Base; path = Base.lproj/LaunchScreen.storyboard; sourceTree = "<group>"; };
		C2D39DE21CB5BC390016E449 /* Info.plist */ = {isa = PBXFileReference; lastKnownFileType = text.plist.xml; path = Info.plist; sourceTree = "<group>"; };
		C2D39DE81CB5C5460016E449 /* TweetTableViewController.swift */ = {isa = PBXFileReference; fileEncoding = 4; lastKnownFileType = sourcecode.swift; path = TweetTableViewController.swift; sourceTree = "<group>"; };
		C2D39DF41CB5CE650016E449 /* MediaItem.swift */ = {isa = PBXFileReference; fileEncoding = 4; lastKnownFileType = sourcecode.swift; path = MediaItem.swift; sourceTree = "<group>"; };
		C2D39DF51CB5CE650016E449 /* Tweet.swift */ = {isa = PBXFileReference; fileEncoding = 4; lastKnownFileType = sourcecode.swift; path = Tweet.swift; sourceTree = "<group>"; };
		C2D39DF61CB5CE650016E449 /* TwitterRequest.swift */ = {isa = PBXFileReference; fileEncoding = 4; lastKnownFileType = sourcecode.swift; path = TwitterRequest.swift; sourceTree = "<group>"; };
		C2D39DF71CB5CE650016E449 /* User.swift */ = {isa = PBXFileReference; fileEncoding = 4; lastKnownFileType = sourcecode.swift; path = User.swift; sourceTree = "<group>"; };
/* End PBXFileReference section */

/* Begin PBXFrameworksBuildPhase section */
		C2D39DD01CB5BC390016E449 /* Frameworks */ = {
			isa = PBXFrameworksBuildPhase;
			buildActionMask = 2147483647;
			files = (
			);
			runOnlyForDeploymentPostprocessing = 0;
		};
/* End PBXFrameworksBuildPhase section */

/* Begin PBXGroup section */
		C2D39DCA1CB5BC390016E449 = {
			isa = PBXGroup;
			children = (
				C2D39DD51CB5BC390016E449 /* SighsTag */,
				C2D39DD41CB5BC390016E449 /* Products */,
			);
			sourceTree = "<group>";
		};
		C2D39DD41CB5BC390016E449 /* Products */ = {
			isa = PBXGroup;
			children = (
				C2D39DD31CB5BC390016E449 /* SighsTag.app */,
			);
			name = Products;
			sourceTree = "<group>";
		};
		C2D39DD51CB5BC390016E449 /* SighsTag */ = {
			isa = PBXGroup;
			children = (
				C2D39DF31CB5CE650016E449 /* Twitter */,
				C2D39DE81CB5C5460016E449 /* TweetTableViewController.swift */,
				C2D39DD61CB5BC390016E449 /* AppDelegate.swift */,
				C23427E01CB5E880000806A5 /* TweetTableViewCell.swift */,
				C2936B921CCECA4500FE7360 /* MentionsTableViewController.swift */,
				C23C56CD1CCFAD90002DE7D6 /* MentionsTableViewCell.swift */,
				C2C7DC341CD1608800DFB452 /* ImageViewController.swift */,
				C2C7DC361CD1896100DFB452 /* RecentSearchesTableViewController.swift */,
				C226E2391CD249A900DFC472 /* RecentSearches.swift */,
				C2D39DDA1CB5BC390016E449 /* Main.storyboard */,
				C2D39DDD1CB5BC390016E449 /* Assets.xcassets */,
				C2D39DDF1CB5BC390016E449 /* LaunchScreen.storyboard */,
				C2D39DE21CB5BC390016E449 /* Info.plist */,
			);
			path = SighsTag;
			sourceTree = "<group>";
		};
		C2D39DF31CB5CE650016E449 /* Twitter */ = {
			isa = PBXGroup;
			children = (
				C2D39DF41CB5CE650016E449 /* MediaItem.swift */,
				C2D39DF51CB5CE650016E449 /* Tweet.swift */,
				C2D39DF61CB5CE650016E449 /* TwitterRequest.swift */,
				C2D39DF71CB5CE650016E449 /* User.swift */,
			);
			path = Twitter;
			sourceTree = "<group>";
		};
/* End PBXGroup section */

/* Begin PBXNativeTarget section */
		C2D39DD21CB5BC390016E449 /* SighsTag */ = {
			isa = PBXNativeTarget;
			buildConfigurationList = C2D39DE51CB5BC390016E449 /* Build configuration list for PBXNativeTarget "SighsTag" */;
			buildPhases = (
				C2D39DCF1CB5BC390016E449 /* Sources */,
				C2D39DD01CB5BC390016E449 /* Frameworks */,
				C2D39DD11CB5BC390016E449 /* Resources */,
			);
			buildRules = (
			);
			dependencies = (
			);
			name = SighsTag;
			productName = SighsTag;
			productReference = C2D39DD31CB5BC390016E449 /* SighsTag.app */;
			productType = "com.apple.product-type.application";
		};
/* End PBXNativeTarget section */

/* Begin PBXProject section */
		C2D39DCB1CB5BC390016E449 /* Project object */ = {
			isa = PBXProject;
			attributes = {
				LastSwiftUpdateCheck = 0710;
				LastUpgradeCheck = 0710;
				ORGANIZATIONNAME = "Luther College";
				TargetAttributes = {
					C2D39DD21CB5BC390016E449 = {
						CreatedOnToolsVersion = 7.1.1;
					};
				};
			};
			buildConfigurationList = C2D39DCE1CB5BC390016E449 /* Build configuration list for PBXProject "SighsTag" */;
			compatibilityVersion = "Xcode 3.2";
			developmentRegion = English;
			hasScannedForEncodings = 0;
			knownRegions = (
				en,
				Base,
			);
			mainGroup = C2D39DCA1CB5BC390016E449;
			productRefGroup = C2D39DD41CB5BC390016E449 /* Products */;
			projectDirPath = "";
			projectRoot = "";
			targets = (
				C2D39DD21CB5BC390016E449 /* SighsTag */,
			);
		};
/* End PBXProject section */

/* Begin PBXResourcesBuildPhase section */
		C2D39DD11CB5BC390016E449 /* Resources */ = {
			isa = PBXResourcesBuildPhase;
			buildActionMask = 2147483647;
			files = (
				C2D39DE11CB5BC390016E449 /* LaunchScreen.storyboard in Resources */,
				C2D39DDE1CB5BC390016E449 /* Assets.xcassets in Resources */,
				C2D39DDC1CB5BC390016E449 /* Main.storyboard in Resources */,
			);
			runOnlyForDeploymentPostprocessing = 0;
		};
/* End PBXResourcesBuildPhase section */

/* Begin PBXSourcesBuildPhase section */
		C2D39DCF1CB5BC390016E449 /* Sources */ = {
			isa = PBXSourcesBuildPhase;
			buildActionMask = 2147483647;
			files = (
				C23C56CE1CCFAD90002DE7D6 /* MentionsTableViewCell.swift in Sources */,
				C2936B931CCECA4500FE7360 /* MentionsTableViewController.swift in Sources */,
				C2C7DC351CD1608800DFB452 /* ImageViewController.swift in Sources */,
				C2D39DD71CB5BC390016E449 /* AppDelegate.swift in Sources */,
				C2D39DFA1CB5CE650016E449 /* TwitterRequest.swift in Sources */,
				C2D39DFB1CB5CE650016E449 /* User.swift in Sources */,
				C2D39DE91CB5C5460016E449 /* TweetTableViewController.swift in Sources */,
				C2D39DF81CB5CE650016E449 /* MediaItem.swift in Sources */,
				C2D39DF91CB5CE650016E449 /* Tweet.swift in Sources */,
				C2C7DC371CD1896100DFB452 /* RecentSearchesTableViewController.swift in Sources */,
				C226E23A1CD249A900DFC472 /* RecentSearches.swift in Sources */,
				C23427E11CB5E880000806A5 /* TweetTableViewCell.swift in Sources */,
			);
			runOnlyForDeploymentPostprocessing = 0;
		};
/* End PBXSourcesBuildPhase section */

/* Begin PBXVariantGroup section */
		C2D39DDA1CB5BC390016E449 /* Main.storyboard */ = {
			isa = PBXVariantGroup;
			children = (
				C2D39DDB1CB5BC390016E449 /* Base */,
			);
			name = Main.storyboard;
			sourceTree = "<group>";
		};
		C2D39DDF1CB5BC390016E449 /* LaunchScreen.storyboard */ = {
			isa = PBXVariantGroup;
			children = (
				C2D39DE01CB5BC390016E449 /* Base */,
			);
			name = LaunchScreen.storyboard;
			sourceTree = "<group>";
		};
/* End PBXVariantGroup section */

/* Begin XCBuildConfiguration section */
		C2D39DE31CB5BC390016E449 /* Debug */ = {
			isa = XCBuildConfiguration;
			buildSettings = {
				ALWAYS_SEARCH_USER_PATHS = NO;
				CLANG_CXX_LANGUAGE_STANDARD = "gnu++0x";
				CLANG_CXX_LIBRARY = "libc++";
				CLANG_ENABLE_MODULES = YES;
				CLANG_ENABLE_OBJC_ARC = YES;
				CLANG_WARN_BOOL_CONVERSION = YES;
				CLANG_WARN_CONSTANT_CONVERSION = YES;
				CLANG_WARN_DIRECT_OBJC_ISA_USAGE = YES_ERROR;
				CLANG_WARN_EMPTY_BODY = YES;
				CLANG_WARN_ENUM_CONVERSION = YES;
				CLANG_WARN_INT_CONVERSION = YES;
				CLANG_WARN_OBJC_ROOT_CLASS = YES_ERROR;
				CLANG_WARN_UNREACHABLE_CODE = YES;
				CLANG_WARN__DUPLICATE_METHOD_MATCH = YES;
				"CODE_SIGN_IDENTITY[sdk=iphoneos*]" = "iPhone Developer";
				COPY_PHASE_STRIP = NO;
				DEBUG_INFORMATION_FORMAT = dwarf;
				ENABLE_STRICT_OBJC_MSGSEND = YES;
				ENABLE_TESTABILITY = YES;
				GCC_C_LANGUAGE_STANDARD = gnu99;
				GCC_DYNAMIC_NO_PIC = NO;
				GCC_NO_COMMON_BLOCKS = YES;
				GCC_OPTIMIZATION_LEVEL = 0;
				GCC_PREPROCESSOR_DEFINITIONS = (
					"DEBUG=1",
					"$(inherited)",
				);
				GCC_WARN_64_TO_32_BIT_CONVERSION = YES;
				GCC_WARN_ABOUT_RETURN_TYPE = YES_ERROR;
				GCC_WARN_UNDECLARED_SELECTOR = YES;
				GCC_WARN_UNINITIALIZED_AUTOS = YES_AGGRESSIVE;
				GCC_WARN_UNUSED_FUNCTION = YES;
				GCC_WARN_UNUSED_VARIABLE = YES;
				IPHONEOS_DEPLOYMENT_TARGET = 9.1;
				MTL_ENABLE_DEBUG_INFO = YES;
				ONLY_ACTIVE_ARCH = YES;
				SDKROOT = iphoneos;
				SWIFT_OPTIMIZATION_LEVEL = "-Onone";
				TARGETED_DEVICE_FAMILY = "1,2";
			};
			name = Debug;
		};
		C2D39DE41CB5BC390016E449 /* Release */ = {
			isa = XCBuildConfiguration;
			buildSettings = {
				ALWAYS_SEARCH_USER_PATHS = NO;
				CLANG_CXX_LANGUAGE_STANDARD = "gnu++0x";
				CLANG_CXX_LIBRARY = "libc++";
				CLANG_ENABLE_MODULES = YES;
				CLANG_ENABLE_OBJC_ARC = YES;
				CLANG_WARN_BOOL_CONVERSION = YES;
				CLANG_WARN_CONSTANT_CONVERSION = YES;
				CLANG_WARN_DIRECT_OBJC_ISA_USAGE = YES_ERROR;
				CLANG_WARN_EMPTY_BODY = YES;
				CLANG_WARN_ENUM_CONVERSION = YES;
				CLANG_WARN_INT_CONVERSION = YES;
				CLANG_WARN_OBJC_ROOT_CLASS = YES_ERROR;
				CLANG_WARN_UNREACHABLE_CODE = YES;
				CLANG_WARN__DUPLICATE_METHOD_MATCH = YES;
				"CODE_SIGN_IDENTITY[sdk=iphoneos*]" = "iPhone Developer";
				COPY_PHASE_STRIP = NO;
				DEBUG_INFORMATION_FORMAT = "dwarf-with-dsym";
				ENABLE_NS_ASSERTIONS = NO;
				ENABLE_STRICT_OBJC_MSGSEND = YES;
				GCC_C_LANGUAGE_STANDARD = gnu99;
				GCC_NO_COMMON_BLOCKS = YES;
				GCC_WARN_64_TO_32_BIT_CONVERSION = YES;
				GCC_WARN_ABOUT_RETURN_TYPE = YES_ERROR;
				GCC_WARN_UNDECLARED_SELECTOR = YES;
				GCC_WARN_UNINITIALIZED_AUTOS = YES_AGGRESSIVE;
				GCC_WARN_UNUSED_FUNCTION = YES;
				GCC_WARN_UNUSED_VARIABLE = YES;
				IPHONEOS_DEPLOYMENT_TARGET = 9.1;
				MTL_ENABLE_DEBUG_INFO = NO;
				SDKROOT = iphoneos;
				TARGETED_DEVICE_FAMILY = "1,2";
				VALIDATE_PRODUCT = YES;
			};
			name = Release;
		};
		C2D39DE61CB5BC390016E449 /* Debug */ = {
			isa = XCBuildConfiguration;
			buildSettings = {
				ASSETCATALOG_COMPILER_APPICON_NAME = AppIcon;
				INFOPLIST_FILE = SighsTag/Info.plist;
				LD_RUNPATH_SEARCH_PATHS = "$(inherited) @executable_path/Frameworks";
				PRODUCT_BUNDLE_IDENTIFIER = raidi01.edu.luther.cs353.SighsTag;
				PRODUCT_NAME = "$(TARGET_NAME)";
			};
			name = Debug;
		};
		C2D39DE71CB5BC390016E449 /* Release */ = {
			isa = XCBuildConfiguration;
			buildSettings = {
				ASSETCATALOG_COMPILER_APPICON_NAME = AppIcon;
				INFOPLIST_FILE = SighsTag/Info.plist;
				LD_RUNPATH_SEARCH_PATHS = "$(inherited) @executable_path/Frameworks";
				PRODUCT_BUNDLE_IDENTIFIER = raidi01.edu.luther.cs353.SighsTag;
				PRODUCT_NAME = "$(TARGET_NAME)";
			};
			name = Release;
		};
/* End XCBuildConfiguration section */

/* Begin XCConfigurationList section */
		C2D39DCE1CB5BC390016E449 /* Build configuration list for PBXProject "SighsTag" */ = {
			isa = XCConfigurationList;
			buildConfigurations = (
				C2D39DE31CB5BC390016E449 /* Debug */,
				C2D39DE41CB5BC390016E449 /* Release */,
			);
			defaultConfigurationIsVisible = 0;
			defaultConfigurationName = Release;
		};
		C2D39DE51CB5BC390016E449 /* Build configuration list for PBXNativeTarget "SighsTag" */ = {
			isa = XCConfigurationList;
			buildConfigurations = (
				C2D39DE61CB5BC390016E449 /* Debug */,
				C2D39DE71CB5BC390016E449 /* Release */,
			);
			defaultConfigurationIsVisible = 0;
			defaultConfigurationName = Release;
		};
/* End XCConfigurationList section */
	};
	rootObject = C2D39DCB1CB5BC390016E449 /* Project object */;
}
